
Microsoft Visual Studio Solution File, Format Version 12.00
# Visual Studio Version 16
VisualStudioVersion = 16.0.31205.134
MinimumVisualStudioVersion = 10.0.40219.1
Project("{FAE04EC0-301F-11D3-BF4B-00C04F79EFBC}") = "StringManipulator", "StringManipulator\StringManipulator.csproj", "{BB1D4E30-C379-4BBE-BC5B-1C448EB36610}"
EndProject
Project("{FAE04EC0-301F-11D3-BF4B-00C04F79EFBC}") = "StringManipulatorTester", "StringManipulatorTester\StringManipulatorTester.csproj", "{2AC90B26-5ADB-46E1-AFD3-1C9D05F42636}"
EndProject
Global
	GlobalSection(SolutionConfigurationPlatforms) = preSolution
		Debug|Any CPU = Debug|Any CPU
		Release|Any CPU = Release|Any CPU
	EndGlobalSection
	GlobalSection(ProjectConfigurationPlatforms) = postSolution
		{BB1D4E30-C379-4BBE-BC5B-1C448EB36610}.Debug|Any CPU.ActiveCfg = Debug|Any CPU
		{BB1D4E30-C379-4BBE-BC5B-1C448EB36610}.Debug|Any CPU.Build.0 = Debug|Any CPU
		{BB1D4E30-C379-4BBE-BC5B-1C448EB36610}.Release|Any CPU.ActiveCfg = Release|Any CPU
		{BB1D4E30-C379-4BBE-BC5B-1C448EB36610}.Release|Any CPU.Build.0 = Release|Any CPU
		{2AC90B26-5ADB-46E1-AFD3-1C9D05F42636}.Debug|Any CPU.ActiveCfg = Debug|Any CPU
		{2AC90B26-5ADB-46E1-AFD3-1C9D05F42636}.Debug|Any CPU.Build.0 = Debug|Any CPU
		{2AC90B26-5ADB-46E1-AFD3-1C9D05F42636}.Release|Any CPU.ActiveCfg = Release|Any CPU
		{2AC90B26-5ADB-46E1-AFD3-1C9D05F42636}.Release|Any CPU.Build.0 = Release|Any CPU
	EndGlobalSection
	GlobalSection(SolutionProperties) = preSolution
		HideSolutionNode = FALSE
	EndGlobalSection
	GlobalSection(ExtensibilityGlobals) = postSolution
		SolutionGuid = {A28C9D8E-BF2E-4F38-B4A6-FC4A666137F7}
	EndGlobalSection
EndGlobal
